
Microsoft Visual Studio Solution File, Format Version 12.00
# Visual Studio 15
VisualStudioVersion = 15.0.26228.9
MinimumVisualStudioVersion = 10.0.40219.1
Project("{FAE04EC0-301F-11D3-BF4B-00C04F79EFBC}") = "Amoenus.PclTimer", "Amoenus.PclTimer\Amoenus.PclTimer.csproj", "{385FBC0E-E7A3-4586-9FF9-35022C623F04}"
EndProject
Project("{FAE04EC0-301F-11D3-BF4B-00C04F79EFBC}") = "TestApp.WPF", "TestApp.WPF\TestApp.WPF.csproj", "{104F5C21-FC0E-44A6-9E4A-EF320BDC2AD0}"
EndProject
Global
	GlobalSection(SolutionConfigurationPlatforms) = preSolution
		Debug|Any CPU = Debug|Any CPU
		Release|Any CPU = Release|Any CPU
	EndGlobalSection
	GlobalSection(ProjectConfigurationPlatforms) = postSolution
		{385FBC0E-E7A3-4586-9FF9-35022C623F04}.Debug|Any CPU.ActiveCfg = Debug|Any CPU
		{385FBC0E-E7A3-4586-9FF9-35022C623F04}.Debug|Any CPU.Build.0 = Debug|Any CPU
		{385FBC0E-E7A3-4586-9FF9-35022C623F04}.Release|Any CPU.ActiveCfg = Release|Any CPU
		{385FBC0E-E7A3-4586-9FF9-35022C623F04}.Release|Any CPU.Build.0 = Release|Any CPU
		{104F5C21-FC0E-44A6-9E4A-EF320BDC2AD0}.Debug|Any CPU.ActiveCfg = Debug|Any CPU
		{104F5C21-FC0E-44A6-9E4A-EF320BDC2AD0}.Debug|Any CPU.Build.0 = Debug|Any CPU
		{104F5C21-FC0E-44A6-9E4A-EF320BDC2AD0}.Release|Any CPU.ActiveCfg = Release|Any CPU
		{104F5C21-FC0E-44A6-9E4A-EF320BDC2AD0}.Release|Any CPU.Build.0 = Release|Any CPU
	EndGlobalSection
	GlobalSection(SolutionProperties) = preSolution
		HideSolutionNode = FALSE
	EndGlobalSection
EndGlobal
